Microsoft Visual Studio Solution File, Format Version 12.00
# Visual Studio Version 17
VisualStudioVersion = 17.0.31903.59
MinimumVisualStudioVersion = 10.0.40219.1
Project("{FAE04EC0-301F-11D3-BF4B-00C04F79EFBC}") = "CurlDotNet", "src\CurlDotNet\CurlDotNet.csproj", "{A1B2C3D4-5E6F-7A8B-9C0D-E1F2A3B4C5D6}"
EndProject
Project("{FAE04EC0-301F-11D3-BF4B-00C04F79EFBC}") = "CurlDotNet.Tests", "tests\CurlDotNet.Tests\CurlDotNet.Tests.csproj", "{B2C3D4E5-6F7A-8B9C-0D1E-F2A3B4C5D6E7}"
EndProject
Global
	GlobalSection(SolutionConfigurationPlatforms) = preSolution
		Debug|Any CPU = Debug|Any CPU
		Release|Any CPU = Release|Any CPU
	EndGlobalSection
	GlobalSection(ProjectConfigurationPlatforms) = postSolution
		{A1B2C3D4-5E6F-7A8B-9C0D-E1F2A3B4C5D6}.Debug|Any CPU.ActiveCfg = Debug|Any CPU
		{A1B2C3D4-5E6F-7A8B-9C0D-E1F2A3B4C5D6}.Debug|Any CPU.Build.0 = Debug|Any CPU
		{A1B2C3D4-5E6F-7A8B-9C0D-E1F2A3B4C5D6}.Release|Any CPU.ActiveCfg = Release|Any CPU
		{A1B2C3D4-5E6F-7A8B-9C0D-E1F2A3B4C5D6}.Release|Any CPU.Build.0 = Release|Any CPU
		{B2C3D4E5-6F7A-8B9C-0D1E-F2A3B4C5D6E7}.Debug|Any CPU.ActiveCfg = Debug|Any CPU
		{B2C3D4E5-6F7A-8B9C-0D1E-F2A3B4C5D6E7}.Debug|Any CPU.Build.0 = Debug|Any CPU
		{B2C3D4E5-6F7A-8B9C-0D1E-F2A3B4C5D6E7}.Release|Any CPU.ActiveCfg = Release|Any CPU
		{B2C3D4E5-6F7A-8B9C-0D1E-F2A3B4C5D6E7}.Release|Any CPU.Build.0 = Release|Any CPU
	EndGlobalSection
EndGlobal