Microsoft Visual Studio Solution File, Format Version 9.00
# Visual Studio 2005
Project("{8BC9CEB8-8B4A-11D0-8D11-00A0C91BC942}") = "curlsrc", "curlsrc.vcproj", "{5228E9CE-A216-422F-A5E6-58E95E2DD71D}"
EndProject
Global
	GlobalSection(SolutionConfigurationPlatforms) = preSolution
		DLL Debug - DLL OpenSSL - DLL LibSSH2|Win32 = DLL Debug - DLL OpenSSL - DLL LibSSH2|Win32
		DLL Debug - DLL OpenSSL - DLL LibSSH2|x64 = DLL Debug - DLL OpenSSL - DLL LibSSH2|x64
		DLL Debug - DLL OpenSSL|Win32 = DLL Debug - DLL OpenSSL|Win32
		DLL Debug - DLL OpenSSL|x64 = DLL Debug - DLL OpenSSL|x64
		DLL Debug - DLL Windows SSPI|Win32 = DLL Debug - DLL Windows SSPI|Win32
		DLL Debug - DLL Windows SSPI|x64 = DLL Debug - DLL Windows SSPI|x64
		DLL Debug|Win32 = DLL Debug|Win32
		DLL Debug|x64 = DLL Debug|x64
		DLL Release - DLL OpenSSL - DLL LibSSH2|Win32 = DLL Release - DLL OpenSSL - DLL LibSSH2|Win32
		DLL Release - DLL OpenSSL - DLL LibSSH2|x64 = DLL Release - DLL OpenSSL - DLL LibSSH2|x64
		DLL Release - DLL OpenSSL|Win32 = DLL Release - DLL OpenSSL|Win32
		DLL Release - DLL OpenSSL|x64 = DLL Release - DLL OpenSSL|x64
		DLL Release - DLL Windows SSPI|Win32 = DLL Release - DLL Windows SSPI|Win32
		DLL Release - DLL Windows SSPI|x64 = DLL Release - DLL Windows SSPI|x64
		DLL Release|Win32 = DLL Release|Win32
		DLL Release|x64 = DLL Release|x64
		LIB Debug - DLL OpenSSL - DLL LibSSH2|Win32 = LIB Debug - DLL OpenSSL - DLL LibSSH2|Win32
		LIB Debug - DLL OpenSSL - DLL LibSSH2|x64 = LIB Debug - DLL OpenSSL - DLL LibSSH2|x64
		LIB Debug - DLL OpenSSL|Win32 = LIB Debug - DLL OpenSSL|Win32
		LIB Debug - DLL OpenSSL|x64 = LIB Debug - DLL OpenSSL|x64
		LIB Debug - DLL Windows SSPI|Win32 = LIB Debug - DLL Windows SSPI|Win32
		LIB Debug - DLL Windows SSPI|x64 = LIB Debug - DLL Windows SSPI|x64
		LIB Debug - LIB OpenSSL - LIB LibSSH2|Win32 = LIB Debug - LIB OpenSSL - LIB LibSSH2|Win32
		LIB Debug - LIB OpenSSL - LIB LibSSH2|x64 = LIB Debug - LIB OpenSSL - LIB LibSSH2|x64
		LIB Debug - LIB OpenSSL|Win32 = LIB Debug - LIB OpenSSL|Win32
		LIB Debug - LIB OpenSSL|x64 = LIB Debug - LIB OpenSSL|x64
		LIB Debug|Win32 = LIB Debug|Win32
		LIB Debug|x64 = LIB Debug|x64
		LIB Release - DLL OpenSSL - DLL LibSSH2|Win32 = LIB Release - DLL OpenSSL - DLL LibSSH2|Win32
		LIB Release - DLL OpenSSL - DLL LibSSH2|x64 = LIB Release - DLL OpenSSL - DLL LibSSH2|x64
		LIB Release - DLL OpenSSL|Win32 = LIB Release - DLL OpenSSL|Win32
		LIB Release - DLL OpenSSL|x64 = LIB Release - DLL OpenSSL|x64
		LIB Release - DLL Windows SSPI|Win32 = LIB Release - DLL Windows SSPI|Win32
		LIB Release - DLL Windows SSPI|x64 = LIB Release - DLL Windows SSPI|x64
		LIB Release - LIB OpenSSL - LIB LibSSH2|Win32 = LIB Release - LIB OpenSSL - LIB LibSSH2|Win32
		LIB Release - LIB OpenSSL - LIB LibSSH2|x64 = LIB Release - LIB OpenSSL - LIB LibSSH2|x64
		LIB Release - LIB OpenSSL|Win32 = LIB Release - LIB OpenSSL|Win32
		LIB Release - LIB OpenSSL|x64 = LIB Release - LIB OpenSSL|x64
		LIB Release|Win32 = LIB Release|Win32
		LIB Release|x64 = LIB Release|x64
	EndGlobalSection
	GlobalSection(ProjectConfigurationPlatforms) = postSolution
		{5228E9CE-A216-422F-A5E6-58E95E2DD71D}.DLL Debug - DLL OpenSSL - DLL LibSSH2|Win32.ActiveCfg = DLL Debug - DLL OpenSSL - DLL LibSSH2|Win32
		{5228E9CE-A216-422F-A5E6-58E95E2DD71D}.DLL Debug - DLL OpenSSL - DLL LibSSH2|Win32.Build.0 = DLL Debug - DLL OpenSSL - DLL LibSSH2|Win32
		{5228E9CE-A216-422F-A5E6-58E95E2DD71D}.DLL Debug - DLL OpenSSL - DLL LibSSH2|x64.ActiveCfg = DLL Debug - DLL OpenSSL - DLL LibSSH2|x64
		{5228E9CE-A216-422F-A5E6-58E95E2DD71D}.DLL Debug - DLL OpenSSL - DLL LibSSH2|x64.Build.0 = DLL Debug - DLL OpenSSL - DLL LibSSH2|x64
		{5228E9CE-A216-422F-A5E6-58E95E2DD71D}.DLL Debug - DLL OpenSSL|Win32.ActiveCfg = DLL Debug - DLL OpenSSL|Win32
		{5228E9CE-A216-422F-A5E6-58E95E2DD71D}.DLL Debug - DLL OpenSSL|Win32.Build.0 = DLL Debug - DLL OpenSSL|Win32
		{5228E9CE-A216-422F-A5E6-58E95E2DD71D}.DLL Debug - DLL OpenSSL|x64.ActiveCfg = DLL Debug - DLL OpenSSL|x64
		{5228E9CE-A216-422F-A5E6-58E95E2DD71D}.DLL Debug - DLL OpenSSL|x64.Build.0 = DLL Debug - DLL OpenSSL|x64
		{5228E9CE-A216-422F-A5E6-58E95E2DD71D}.DLL Debug - DLL Windows SSPI|Win32.ActiveCfg = DLL Debug - DLL Windows SSPI|Win32
		{5228E9CE-A216-422F-A5E6-58E95E2DD71D}.DLL Debug - DLL Windows SSPI|Win32.Build.0 = DLL Debug - DLL Windows SSPI|Win32
		{5228E9CE-A216-422F-A5E6-58E95E2DD71D}.DLL Debug - DLL Windows SSPI|x64.ActiveCfg = DLL Debug - DLL Windows SSPI|x64
		{5228E9CE-A216-422F-A5E6-58E95E2DD71D}.DLL Debug - DLL Windows SSPI|x64.Build.0 = DLL Debug - DLL Windows SSPI|x64
		{5228E9CE-A216-422F-A5E6-58E95E2DD71D}.DLL Debug|Win32.ActiveCfg = DLL Debug|Win32
		{5228E9CE-A216-422F-A5E6-58E95E2DD71D}.DLL Debug|Win32.Build.0 = DLL Debug|Win32
		{5228E9CE-A216-422F-A5E6-58E95E2DD71D}.DLL Debug|x64.ActiveCfg = DLL Debug|x64
		{5228E9CE-A216-422F-A5E6-58E95E2DD71D}.DLL Debug|x64.Build.0 = DLL Debug|x64
		{5228E9CE-A216-422F-A5E6-58E95E2DD71D}.DLL Release - DLL OpenSSL - DLL LibSSH2|Win32.ActiveCfg = DLL Release - DLL OpenSSL - DLL LibSSH2|Win32
		{5228E9CE-A216-422F-A5E6-58E95E2DD71D}.DLL Release - DLL OpenSSL - DLL LibSSH2|Win32.Build.0 = DLL Release - DLL OpenSSL - DLL LibSSH2|Win32
		{5228E9CE-A216-422F-A5E6-58E95E2DD71D}.DLL Release - DLL OpenSSL - DLL LibSSH2|x64.ActiveCfg = DLL Release - DLL OpenSSL - DLL LibSSH2|x64
		{5228E9CE-A216-422F-A5E6-58E95E2DD71D}.DLL Release - DLL OpenSSL - DLL LibSSH2|x64.Build.0 = DLL Release - DLL OpenSSL - DLL LibSSH2|x64
		{5228E9CE-A216-422F-A5E6-58E95E2DD71D}.DLL Release - DLL OpenSSL|Win32.ActiveCfg = DLL Release - DLL OpenSSL|Win32
		{5228E9CE-A216-422F-A5E6-58E95E2DD71D}.DLL Release - DLL OpenSSL|Win32.Build.0 = DLL Release - DLL OpenSSL|Win32
		{5228E9CE-A216-422F-A5E6-58E95E2DD71D}.DLL Release - DLL OpenSSL|x64.ActiveCfg = DLL Release - DLL OpenSSL|x64
		{5228E9CE-A216-422F-A5E6-58E95E2DD71D}.DLL Release - DLL OpenSSL|x64.Build.0 = DLL Release - DLL OpenSSL|x64
		{5228E9CE-A216-422F-A5E6-58E95E2DD71D}.DLL Release - DLL Windows SSPI|Win32.ActiveCfg = DLL Release - DLL Windows SSPI|Win32
		{5228E9CE-A216-422F-A5E6-58E95E2DD71D}.DLL Release - DLL Windows SSPI|Win32.Build.0 = DLL Release - DLL Windows SSPI|Win32
		{5228E9CE-A216-422F-A5E6-58E95E2DD71D}.DLL Release - DLL Windows SSPI|x64.ActiveCfg = DLL Release - DLL Windows SSPI|x64
		{5228E9CE-A216-422F-A5E6-58E95E2DD71D}.DLL Release - DLL Windows SSPI|x64.Build.0 = DLL Release - DLL Windows SSPI|x64
		{5228E9CE-A216-422F-A5E6-58E95E2DD71D}.DLL Release|Win32.ActiveCfg = DLL Release|Win32
		{5228E9CE-A216-422F-A5E6-58E95E2DD71D}.DLL Release|Win32.Build.0 = DLL Release|Win32
		{5228E9CE-A216-422F-A5E6-58E95E2DD71D}.DLL Release|x64.ActiveCfg = DLL Release|x64
		{5228E9CE-A216-422F-A5E6-58E95E2DD71D}.DLL Release|x64.Build.0 = DLL Release|x64
		{5228E9CE-A216-422F-A5E6-58E95E2DD71D}.LIB Debug - DLL OpenSSL - DLL LibSSH2|Win32.ActiveCfg = LIB Debug - DLL OpenSSL - DLL LibSSH2|Win32
		{5228E9CE-A216-422F-A5E6-58E95E2DD71D}.LIB Debug - DLL OpenSSL - DLL LibSSH2|Win32.Build.0 = LIB Debug - DLL OpenSSL - DLL LibSSH2|Win32
		{5228E9CE-A216-422F-A5E6-58E95E2DD71D}.LIB Debug - DLL OpenSSL - DLL LibSSH2|x64.ActiveCfg = LIB Debug - DLL OpenSSL - DLL LibSSH2|x64
		{5228E9CE-A216-422F-A5E6-58E95E2DD71D}.LIB Debug - DLL OpenSSL - DLL LibSSH2|x64.Build.0 = LIB Debug - DLL OpenSSL - DLL LibSSH2|x64
		{5228E9CE-A216-422F-A5E6-58E95E2DD71D}.LIB Debug - DLL OpenSSL|Win32.ActiveCfg = LIB Debug - DLL OpenSSL|Win32
		{5228E9CE-A216-422F-A5E6-58E95E2DD71D}.LIB Debug - DLL OpenSSL|Win32.Build.0 = LIB Debug - DLL OpenSSL|Win32
		{5228E9CE-A216-422F-A5E6-58E95E2DD71D}.LIB Debug - DLL OpenSSL|x64.ActiveCfg = LIB Debug - DLL OpenSSL|x64
		{5228E9CE-A216-422F-A5E6-58E95E2DD71D}.LIB Debug - DLL OpenSSL|x64.Build.0 = LIB Debug - DLL OpenSSL|x64
		{5228E9CE-A216-422F-A5E6-58E95E2DD71D}.LIB Debug - DLL Windows SSPI|Win32.ActiveCfg = LIB Debug - DLL Windows SSPI|Win32
		{5228E9CE-A216-422F-A5E6-58E95E2DD71D}.LIB Debug - DLL Windows SSPI|Win32.Build.0 = LIB Debug - DLL Windows SSPI|Win32
		{5228E9CE-A216-422F-A5E6-58E95E2DD71D}.LIB Debug - DLL Windows SSPI|x64.ActiveCfg = LIB Debug - DLL Windows SSPI|x64
		{5228E9CE-A216-422F-A5E6-58E95E2DD71D}.LIB Debug - DLL Windows SSPI|x64.Build.0 = LIB Debug - DLL Windows SSPI|x64
		{5228E9CE-A216-422F-A5E6-58E95E2DD71D}.LIB Debug - LIB OpenSSL - LIB LibSSH2|Win32.ActiveCfg = LIB Debug - LIB OpenSSL - LIB LibSSH2|Win32
		{5228E9CE-A216-422F-A5E6-58E95E2DD71D}.LIB Debug - LIB OpenSSL - LIB LibSSH2|Win32.Build.0 = LIB Debug - LIB OpenSSL - LIB LibSSH2|Win32
		{5228E9CE-A216-422F-A5E6-58E95E2DD71D}.LIB Debug - LIB OpenSSL - LIB LibSSH2|x64.ActiveCfg = LIB Debug - LIB OpenSSL - LIB LibSSH2|x64
		{5228E9CE-A216-422F-A5E6-58E95E2DD71D}.LIB Debug - LIB OpenSSL - LIB LibSSH2|x64.Build.0 = LIB Debug - LIB OpenSSL - LIB LibSSH2|x64
		{5228E9CE-A216-422F-A5E6-58E95E2DD71D}.LIB Debug - LIB OpenSSL|Win32.ActiveCfg = LIB Debug - LIB OpenSSL|Win32
		{5228E9CE-A216-422F-A5E6-58E95E2DD71D}.LIB Debug - LIB OpenSSL|Win32.Build.0 = LIB Debug - LIB OpenSSL|Win32
		{5228E9CE-A216-422F-A5E6-58E95E2DD71D}.LIB Debug - LIB OpenSSL|x64.ActiveCfg = LIB Debug - LIB OpenSSL|x64
		{5228E9CE-A216-422F-A5E6-58E95E2DD71D}.LIB Debug - LIB OpenSSL|x64.Build.0 = LIB Debug - LIB OpenSSL|x64
		{5228E9CE-A216-422F-A5E6-58E95E2DD71D}.LIB Debug|Win32.ActiveCfg = LIB Debug|Win32
		{5228E9CE-A216-422F-A5E6-58E95E2DD71D}.LIB Debug|Win32.Build.0 = LIB Debug|Win32
		{5228E9CE-A216-422F-A5E6-58E95E2DD71D}.LIB Debug|x64.ActiveCfg = LIB Debug|x64
		{5228E9CE-A216-422F-A5E6-58E95E2DD71D}.LIB Debug|x64.Build.0 = LIB Debug|x64
		{5228E9CE-A216-422F-A5E6-58E95E2DD71D}.LIB Release - DLL OpenSSL - DLL LibSSH2|Win32.ActiveCfg = LIB Release - DLL OpenSSL - DLL LibSSH2|Win32
		{5228E9CE-A216-422F-A5E6-58E95E2DD71D}.LIB Release - DLL OpenSSL - DLL LibSSH2|Win32.Build.0 = LIB Release - DLL OpenSSL - DLL LibSSH2|Win32
		{5228E9CE-A216-422F-A5E6-58E95E2DD71D}.LIB Release - DLL OpenSSL - DLL LibSSH2|x64.ActiveCfg = LIB Release - DLL OpenSSL - DLL LibSSH2|x64
		{5228E9CE-A216-422F-A5E6-58E95E2DD71D}.LIB Release - DLL OpenSSL - DLL LibSSH2|x64.Build.0 = LIB Release - DLL OpenSSL - DLL LibSSH2|x64
		{5228E9CE-A216-422F-A5E6-58E95E2DD71D}.LIB Release - DLL OpenSSL|Win32.ActiveCfg = LIB Release - DLL OpenSSL|Win32
		{5228E9CE-A216-422F-A5E6-58E95E2DD71D}.LIB Release - DLL OpenSSL|Win32.Build.0 = LIB Release - DLL OpenSSL|Win32
		{5228E9CE-A216-422F-A5E6-58E95E2DD71D}.LIB Release - DLL OpenSSL|x64.ActiveCfg = LIB Release - DLL OpenSSL|x64
		{5228E9CE-A216-422F-A5E6-58E95E2DD71D}.LIB Release - DLL OpenSSL|x64.Build.0 = LIB Release - DLL OpenSSL|x64
		{5228E9CE-A216-422F-A5E6-58E95E2DD71D}.LIB Release - DLL Windows SSPI|Win32.ActiveCfg = LIB Release - DLL Windows SSPI|Win32
		{5228E9CE-A216-422F-A5E6-58E95E2DD71D}.LIB Release - DLL Windows SSPI|Win32.Build.0 = LIB Release - DLL Windows SSPI|Win32
		{5228E9CE-A216-422F-A5E6-58E95E2DD71D}.LIB Release - DLL Windows SSPI|x64.ActiveCfg = LIB Release - DLL Windows SSPI|x64
		{5228E9CE-A216-422F-A5E6-58E95E2DD71D}.LIB Release - DLL Windows SSPI|x64.Build.0 = LIB Release - DLL Windows SSPI|x64
		{5228E9CE-A216-422F-A5E6-58E95E2DD71D}.LIB Release - LIB OpenSSL - LIB LibSSH2|Win32.ActiveCfg = LIB Release - LIB OpenSSL - LIB LibSSH2|Win32
		{5228E9CE-A216-422F-A5E6-58E95E2DD71D}.LIB Release - LIB OpenSSL - LIB LibSSH2|Win32.Build.0 = LIB Release - LIB OpenSSL - LIB LibSSH2|Win32
		{5228E9CE-A216-422F-A5E6-58E95E2DD71D}.LIB Release - LIB OpenSSL - LIB LibSSH2|x64.ActiveCfg = LIB Release - LIB OpenSSL - LIB LibSSH2|x64
		{5228E9CE-A216-422F-A5E6-58E95E2DD71D}.LIB Release - LIB OpenSSL - LIB LibSSH2|x64.Build.0 = LIB Release - LIB OpenSSL - LIB LibSSH2|x64
		{5228E9CE-A216-422F-A5E6-58E95E2DD71D}.LIB Release - LIB OpenSSL|Win32.ActiveCfg = LIB Release - LIB OpenSSL|Win32
		{5228E9CE-A216-422F-A5E6-58E95E2DD71D}.LIB Release - LIB OpenSSL|Win32.Build.0 = LIB Release - LIB OpenSSL|Win32
		{5228E9CE-A216-422F-A5E6-58E95E2DD71D}.LIB Release - LIB OpenSSL|x64.ActiveCfg = LIB Release - LIB OpenSSL|x64
		{5228E9CE-A216-422F-A5E6-58E95E2DD71D}.LIB Release - LIB OpenSSL|x64.Build.0 = LIB Release - LIB OpenSSL|x64
		{5228E9CE-A216-422F-A5E6-58E95E2DD71D}.LIB Release|Win32.ActiveCfg = LIB Release|Win32
		{5228E9CE-A216-422F-A5E6-58E95E2DD71D}.LIB Release|Win32.Build.0 = LIB Release|Win32
		{5228E9CE-A216-422F-A5E6-58E95E2DD71D}.LIB Release|x64.ActiveCfg = LIB Release|x64
		{5228E9CE-A216-422F-A5E6-58E95E2DD71D}.LIB Release|x64.Build.0 = LIB Release|x64
	EndGlobalSection
	GlobalSection(SolutionProperties) = preSolution
		HideSolutionNode = FALSE
	EndGlobalSection
EndGlobal
