Microsoft Visual Studio Solution File, Format Version 7.00
Project("{8BC9CEB8-8B4A-11D0-8D11-00A0C91BC942}") = "curlsrc", "src\curlsrc.vcproj", "{5228E9CE-A216-422F-A5E6-58E95E2DD71D}"
EndProject
Project("{8BC9CEB8-8B4A-11D0-8D11-00A0C91BC942}") = "libcurl", "lib\libcurl.vcproj", "{DA6F56B4-06A4-441D-AD70-AC5A7D51FADB}"
EndProject
Global
	GlobalSection(SolutionConfiguration) = preSolution
		ConfigName.0 = DLL Debug
		ConfigName.1 = DLL Debug - DLL OpenSSL
		ConfigName.2 = DLL Debug - DLL OpenSSL - DLL LibSSH2
		ConfigName.3 = DLL Debug - DLL Windows SSPI
		ConfigName.4 = DLL Debug - DLL Windows SSPI - DLL WinIDN
		ConfigName.5 = DLL Release
		ConfigName.6 = DLL Release - DLL OpenSSL
		ConfigName.7 = DLL Release - DLL OpenSSL - DLL LibSSH2
		ConfigName.8 = DLL Release - DLL Windows SSPI
		ConfigName.9 = DLL Release - DLL Windows SSPI - DLL WinIDN
		ConfigName.10 = LIB Debug
		ConfigName.11 = LIB Debug - DLL OpenSSL
		ConfigName.12 = LIB Debug - DLL OpenSSL - DLL LibSSH2
		ConfigName.13 = LIB Debug - DLL Windows SSPI
		ConfigName.14 = LIB Debug - DLL Windows SSPI - DLL WinIDN
		ConfigName.15 = LIB Debug - LIB OpenSSL
		ConfigName.16 = LIB Debug - LIB OpenSSL - LIB LibSSH2
		ConfigName.17 = LIB Release
		ConfigName.18 = LIB Release - DLL OpenSSL
		ConfigName.19 = LIB Release - DLL OpenSSL - DLL LibSSH2
		ConfigName.20 = LIB Release - DLL Windows SSPI
		ConfigName.21 = LIB Release - DLL Windows SSPI - DLL WinIDN
		ConfigName.22 = LIB Release - LIB OpenSSL
		ConfigName.23 = LIB Release - LIB OpenSSL - LIB LibSSH2
	EndGlobalSection
	GlobalSection(ProjectDependencies) = postSolution
		{5228E9CE-A216-422F-A5E6-58E95E2DD71D}.0 = {DA6F56B4-06A4-441D-AD70-AC5A7D51FADB}
	EndGlobalSection
	GlobalSection(ProjectConfiguration) = postSolution
		{5228E9CE-A216-422F-A5E6-58E95E2DD71D}.DLL Debug.ActiveCfg = DLL Debug|Win32
		{5228E9CE-A216-422F-A5E6-58E95E2DD71D}.DLL Debug.Build.0 = DLL Debug|Win32
		{5228E9CE-A216-422F-A5E6-58E95E2DD71D}.DLL Debug - DLL OpenSSL.ActiveCfg = DLL Debug - DLL OpenSSL|Win32
		{5228E9CE-A216-422F-A5E6-58E95E2DD71D}.DLL Debug - DLL OpenSSL.Build.0 = DLL Debug - DLL OpenSSL|Win32
		{5228E9CE-A216-422F-A5E6-58E95E2DD71D}.DLL Debug - DLL OpenSSL - DLL LibSSH2.ActiveCfg = DLL Debug - DLL OpenSSL - DLL LibSSH2|Win32
		{5228E9CE-A216-422F-A5E6-58E95E2DD71D}.DLL Debug - DLL OpenSSL - DLL LibSSH2.Build.0 = DLL Debug - DLL OpenSSL - DLL LibSSH2|Win32
		{5228E9CE-A216-422F-A5E6-58E95E2DD71D}.DLL Debug - DLL Windows SSPI.ActiveCfg = DLL Debug - DLL Windows SSPI|Win32
		{5228E9CE-A216-422F-A5E6-58E95E2DD71D}.DLL Debug - DLL Windows SSPI.Build.0 = DLL Debug - DLL Windows SSPI|Win32
		{5228E9CE-A216-422F-A5E6-58E95E2DD71D}.DLL Debug - DLL Windows SSPI - DLL WinIDN.ActiveCfg = DLL Debug - DLL Windows SSPI - DLL WinIDN|Win32
		{5228E9CE-A216-422F-A5E6-58E95E2DD71D}.DLL Debug - DLL Windows SSPI - DLL WinIDN.Build.0 = DLL Debug - DLL Windows SSPI - DLL WinIDN|Win32
		{5228E9CE-A216-422F-A5E6-58E95E2DD71D}.DLL Release.ActiveCfg = DLL Release|Win32
		{5228E9CE-A216-422F-A5E6-58E95E2DD71D}.DLL Release.Build.0 = DLL Release|Win32
		{5228E9CE-A216-422F-A5E6-58E95E2DD71D}.DLL Release - DLL OpenSSL.ActiveCfg = DLL Release - DLL OpenSSL|Win32
		{5228E9CE-A216-422F-A5E6-58E95E2DD71D}.DLL Release - DLL OpenSSL.Build.0 = DLL Release - DLL OpenSSL|Win32
		{5228E9CE-A216-422F-A5E6-58E95E2DD71D}.DLL Release - DLL OpenSSL - DLL LibSSH2.ActiveCfg = DLL Release - DLL OpenSSL - DLL LibSSH2|Win32
		{5228E9CE-A216-422F-A5E6-58E95E2DD71D}.DLL Release - DLL OpenSSL - DLL LibSSH2.Build.0 = DLL Release - DLL OpenSSL - DLL LibSSH2|Win32
		{5228E9CE-A216-422F-A5E6-58E95E2DD71D}.DLL Release - DLL Windows SSPI.ActiveCfg = DLL Release - DLL Windows SSPI|Win32
		{5228E9CE-A216-422F-A5E6-58E95E2DD71D}.DLL Release - DLL Windows SSPI.Build.0 = DLL Release - DLL Windows SSPI|Win32
		{5228E9CE-A216-422F-A5E6-58E95E2DD71D}.DLL Release - DLL Windows SSPI - DLL WinIDN.ActiveCfg = DLL Release - DLL Windows SSPI - DLL WinIDN|Win32
		{5228E9CE-A216-422F-A5E6-58E95E2DD71D}.DLL Release - DLL Windows SSPI - DLL WinIDN.Build.0 = DLL Release - DLL Windows SSPI - DLL WinIDN|Win32
		{5228E9CE-A216-422F-A5E6-58E95E2DD71D}.LIB Debug.ActiveCfg = LIB Debug|Win32
		{5228E9CE-A216-422F-A5E6-58E95E2DD71D}.LIB Debug.Build.0 = LIB Debug|Win32
		{5228E9CE-A216-422F-A5E6-58E95E2DD71D}.LIB Debug - DLL OpenSSL.ActiveCfg = LIB Debug - DLL OpenSSL|Win32
		{5228E9CE-A216-422F-A5E6-58E95E2DD71D}.LIB Debug - DLL OpenSSL.Build.0 = LIB Debug - DLL OpenSSL|Win32
		{5228E9CE-A216-422F-A5E6-58E95E2DD71D}.LIB Debug - DLL OpenSSL - DLL LibSSH2.ActiveCfg = LIB Debug - DLL OpenSSL - DLL LibSSH2|Win32
		{5228E9CE-A216-422F-A5E6-58E95E2DD71D}.LIB Debug - DLL OpenSSL - DLL LibSSH2.Build.0 = LIB Debug - DLL OpenSSL - DLL LibSSH2|Win32
		{5228E9CE-A216-422F-A5E6-58E95E2DD71D}.LIB Debug - DLL Windows SSPI.ActiveCfg = LIB Debug - DLL Windows SSPI|Win32
		{5228E9CE-A216-422F-A5E6-58E95E2DD71D}.LIB Debug - DLL Windows SSPI.Build.0 = LIB Debug - DLL Windows SSPI|Win32
		{5228E9CE-A216-422F-A5E6-58E95E2DD71D}.LIB Debug - DLL Windows SSPI - DLL WinIDN.ActiveCfg = LIB Debug - DLL Windows SSPI - DLL WinIDN|Win32
		{5228E9CE-A216-422F-A5E6-58E95E2DD71D}.LIB Debug - DLL Windows SSPI - DLL WinIDN.Build.0 = LIB Debug - DLL Windows SSPI - DLL WinIDN|Win32
		{5228E9CE-A216-422F-A5E6-58E95E2DD71D}.LIB Debug - LIB OpenSSL.ActiveCfg = LIB Debug - LIB OpenSSL|Win32
		{5228E9CE-A216-422F-A5E6-58E95E2DD71D}.LIB Debug - LIB OpenSSL.Build.0 = LIB Debug - LIB OpenSSL|Win32
		{5228E9CE-A216-422F-A5E6-58E95E2DD71D}.LIB Debug - LIB OpenSSL - LIB LibSSH2.ActiveCfg = LIB Debug - LIB OpenSSL - LIB LibSSH2|Win32
		{5228E9CE-A216-422F-A5E6-58E95E2DD71D}.LIB Debug - LIB OpenSSL - LIB LibSSH2.Build.0 = LIB Debug - LIB OpenSSL - LIB LibSSH2|Win32
		{5228E9CE-A216-422F-A5E6-58E95E2DD71D}.LIB Release.ActiveCfg = LIB Release|Win32
		{5228E9CE-A216-422F-A5E6-58E95E2DD71D}.LIB Release.Build.0 = LIB Release|Win32
		{5228E9CE-A216-422F-A5E6-58E95E2DD71D}.LIB Release - DLL OpenSSL.ActiveCfg = LIB Release - DLL OpenSSL|Win32
		{5228E9CE-A216-422F-A5E6-58E95E2DD71D}.LIB Release - DLL OpenSSL.Build.0 = LIB Release - DLL OpenSSL|Win32
		{5228E9CE-A216-422F-A5E6-58E95E2DD71D}.LIB Release - DLL OpenSSL - DLL LibSSH2.ActiveCfg = LIB Release - DLL OpenSSL - DLL LibSSH2|Win32
		{5228E9CE-A216-422F-A5E6-58E95E2DD71D}.LIB Release - DLL OpenSSL - DLL LibSSH2.Build.0 = LIB Release - DLL OpenSSL - DLL LibSSH2|Win32
		{5228E9CE-A216-422F-A5E6-58E95E2DD71D}.LIB Release - DLL Windows SSPI.ActiveCfg = LIB Release - DLL Windows SSPI|Win32
		{5228E9CE-A216-422F-A5E6-58E95E2DD71D}.LIB Release - DLL Windows SSPI.Build.0 = LIB Release - DLL Windows SSPI|Win32
		{5228E9CE-A216-422F-A5E6-58E95E2DD71D}.LIB Release - DLL Windows SSPI - DLL WinIDN.ActiveCfg = LIB Release - DLL Windows SSPI - DLL WinIDN|Win32
		{5228E9CE-A216-422F-A5E6-58E95E2DD71D}.LIB Release - DLL Windows SSPI - DLL WinIDN.Build.0 = LIB Release - DLL Windows SSPI - DLL WinIDN|Win32
		{5228E9CE-A216-422F-A5E6-58E95E2DD71D}.LIB Release - LIB OpenSSL.ActiveCfg = LIB Release - LIB OpenSSL|Win32
		{5228E9CE-A216-422F-A5E6-58E95E2DD71D}.LIB Release - LIB OpenSSL.Build.0 = LIB Release - LIB OpenSSL|Win32
		{5228E9CE-A216-422F-A5E6-58E95E2DD71D}.LIB Release - LIB OpenSSL - LIB LibSSH2.ActiveCfg = LIB Release - LIB OpenSSL - LIB LibSSH2|Win32
		{5228E9CE-A216-422F-A5E6-58E95E2DD71D}.LIB Release - LIB OpenSSL - LIB LibSSH2.Build.0 = LIB Release - LIB OpenSSL - LIB LibSSH2|Win32
		{DA6F56B4-06A4-441D-AD70-AC5A7D51FADB}.DLL Debug.ActiveCfg = DLL Debug|Win32
		{DA6F56B4-06A4-441D-AD70-AC5A7D51FADB}.DLL Debug.Build.0 = DLL Debug|Win32
		{DA6F56B4-06A4-441D-AD70-AC5A7D51FADB}.DLL Debug - DLL OpenSSL.ActiveCfg = DLL Debug - DLL OpenSSL|Win32
		{DA6F56B4-06A4-441D-AD70-AC5A7D51FADB}.DLL Debug - DLL OpenSSL.Build.0 = DLL Debug - DLL OpenSSL|Win32
		{DA6F56B4-06A4-441D-AD70-AC5A7D51FADB}.DLL Debug - DLL OpenSSL - DLL LibSSH2.ActiveCfg = DLL Debug - DLL OpenSSL - DLL LibSSH2|Win32
		{DA6F56B4-06A4-441D-AD70-AC5A7D51FADB}.DLL Debug - DLL OpenSSL - DLL LibSSH2.Build.0 = DLL Debug - DLL OpenSSL - DLL LibSSH2|Win32
		{DA6F56B4-06A4-441D-AD70-AC5A7D51FADB}.DLL Debug - DLL Windows SSPI.ActiveCfg = DLL Debug - DLL Windows SSPI|Win32
		{DA6F56B4-06A4-441D-AD70-AC5A7D51FADB}.DLL Debug - DLL Windows SSPI.Build.0 = DLL Debug - DLL Windows SSPI|Win32
		{DA6F56B4-06A4-441D-AD70-AC5A7D51FADB}.DLL Debug - DLL Windows SSPI - DLL WinIDN.ActiveCfg = DLL Debug - DLL Windows SSPI - DLL WinIDN|Win32
		{DA6F56B4-06A4-441D-AD70-AC5A7D51FADB}.DLL Debug - DLL Windows SSPI - DLL WinIDN.Build.0 = DLL Debug - DLL Windows SSPI - DLL WinIDN|Win32
		{DA6F56B4-06A4-441D-AD70-AC5A7D51FADB}.DLL Release.ActiveCfg = DLL Release|Win32
		{DA6F56B4-06A4-441D-AD70-AC5A7D51FADB}.DLL Release.Build.0 = DLL Release|Win32
		{DA6F56B4-06A4-441D-AD70-AC5A7D51FADB}.DLL Release - DLL OpenSSL.ActiveCfg = DLL Release - DLL OpenSSL|Win32
		{DA6F56B4-06A4-441D-AD70-AC5A7D51FADB}.DLL Release - DLL OpenSSL.Build.0 = DLL Release - DLL OpenSSL|Win32
		{DA6F56B4-06A4-441D-AD70-AC5A7D51FADB}.DLL Release - DLL OpenSSL - DLL LibSSH2.ActiveCfg = DLL Release - DLL OpenSSL - DLL LibSSH2|Win32
		{DA6F56B4-06A4-441D-AD70-AC5A7D51FADB}.DLL Release - DLL OpenSSL - DLL LibSSH2.Build.0 = DLL Release - DLL OpenSSL - DLL LibSSH2|Win32
		{DA6F56B4-06A4-441D-AD70-AC5A7D51FADB}.DLL Release - DLL Windows SSPI.ActiveCfg = DLL Release - DLL Windows SSPI|Win32
		{DA6F56B4-06A4-441D-AD70-AC5A7D51FADB}.DLL Release - DLL Windows SSPI.Build.0 = DLL Release - DLL Windows SSPI|Win32
		{DA6F56B4-06A4-441D-AD70-AC5A7D51FADB}.DLL Release - DLL Windows SSPI - DLL WinIDN.ActiveCfg = DLL Release - DLL Windows SSPI - DLL WinIDN|Win32
		{DA6F56B4-06A4-441D-AD70-AC5A7D51FADB}.DLL Release - DLL Windows SSPI - DLL WinIDN.Build.0 = DLL Release - DLL Windows SSPI - DLL WinIDN|Win32
		{DA6F56B4-06A4-441D-AD70-AC5A7D51FADB}.LIB Debug.ActiveCfg = LIB Debug|Win32
		{DA6F56B4-06A4-441D-AD70-AC5A7D51FADB}.LIB Debug.Build.0 = LIB Debug|Win32
		{DA6F56B4-06A4-441D-AD70-AC5A7D51FADB}.LIB Debug - DLL OpenSSL.ActiveCfg = LIB Debug - DLL OpenSSL|Win32
		{DA6F56B4-06A4-441D-AD70-AC5A7D51FADB}.LIB Debug - DLL OpenSSL.Build.0 = LIB Debug - DLL OpenSSL|Win32
		{DA6F56B4-06A4-441D-AD70-AC5A7D51FADB}.LIB Debug - DLL OpenSSL - DLL LibSSH2.ActiveCfg = LIB Debug - DLL OpenSSL - DLL LibSSH2|Win32
		{DA6F56B4-06A4-441D-AD70-AC5A7D51FADB}.LIB Debug - DLL OpenSSL - DLL LibSSH2.Build.0 = LIB Debug - DLL OpenSSL - DLL LibSSH2|Win32
		{DA6F56B4-06A4-441D-AD70-AC5A7D51FADB}.LIB Debug - DLL Windows SSPI.ActiveCfg = LIB Debug - DLL Windows SSPI|Win32
		{DA6F56B4-06A4-441D-AD70-AC5A7D51FADB}.LIB Debug - DLL Windows SSPI.Build.0 = LIB Debug - DLL Windows SSPI|Win32
		{DA6F56B4-06A4-441D-AD70-AC5A7D51FADB}.LIB Debug - DLL Windows SSPI - DLL WinIDN.ActiveCfg = LIB Debug - DLL Windows SSPI - DLL WinIDN|Win32
		{DA6F56B4-06A4-441D-AD70-AC5A7D51FADB}.LIB Debug - DLL Windows SSPI - DLL WinIDN.Build.0 = LIB Debug - DLL Windows SSPI - DLL WinIDN|Win32
		{DA6F56B4-06A4-441D-AD70-AC5A7D51FADB}.LIB Debug - LIB OpenSSL.ActiveCfg = LIB Debug - LIB OpenSSL|Win32
		{DA6F56B4-06A4-441D-AD70-AC5A7D51FADB}.LIB Debug - LIB OpenSSL.Build.0 = LIB Debug - LIB OpenSSL|Win32
		{DA6F56B4-06A4-441D-AD70-AC5A7D51FADB}.LIB Debug - LIB OpenSSL - LIB LibSSH2.ActiveCfg = LIB Debug - LIB OpenSSL - LIB LibSSH2|Win32
		{DA6F56B4-06A4-441D-AD70-AC5A7D51FADB}.LIB Debug - LIB OpenSSL - LIB LibSSH2.Build.0 = LIB Debug - LIB OpenSSL - LIB LibSSH2|Win32
		{DA6F56B4-06A4-441D-AD70-AC5A7D51FADB}.LIB Release.ActiveCfg = LIB Release|Win32
		{DA6F56B4-06A4-441D-AD70-AC5A7D51FADB}.LIB Release.Build.0 = LIB Release|Win32
		{DA6F56B4-06A4-441D-AD70-AC5A7D51FADB}.LIB Release - DLL OpenSSL.ActiveCfg = LIB Release - DLL OpenSSL|Win32
		{DA6F56B4-06A4-441D-AD70-AC5A7D51FADB}.LIB Release - DLL OpenSSL.Build.0 = LIB Release - DLL OpenSSL|Win32
		{DA6F56B4-06A4-441D-AD70-AC5A7D51FADB}.LIB Release - DLL OpenSSL - DLL LibSSH2.ActiveCfg = LIB Release - DLL OpenSSL - DLL LibSSH2|Win32
		{DA6F56B4-06A4-441D-AD70-AC5A7D51FADB}.LIB Release - DLL OpenSSL - DLL LibSSH2.Build.0 = LIB Release - DLL OpenSSL - DLL LibSSH2|Win32
		{DA6F56B4-06A4-441D-AD70-AC5A7D51FADB}.LIB Release - DLL Windows SSPI.ActiveCfg = LIB Release - DLL Windows SSPI|Win32
		{DA6F56B4-06A4-441D-AD70-AC5A7D51FADB}.LIB Release - DLL Windows SSPI.Build.0 = LIB Release - DLL Windows SSPI|Win32
		{DA6F56B4-06A4-441D-AD70-AC5A7D51FADB}.LIB Release - DLL Windows SSPI - DLL WinIDN.ActiveCfg = LIB Release - DLL Windows SSPI - DLL WinIDN|Win32
		{DA6F56B4-06A4-441D-AD70-AC5A7D51FADB}.LIB Release - DLL Windows SSPI - DLL WinIDN.Build.0 = LIB Release - DLL Windows SSPI - DLL WinIDN|Win32
		{DA6F56B4-06A4-441D-AD70-AC5A7D51FADB}.LIB Release - LIB OpenSSL.ActiveCfg = LIB Release - LIB OpenSSL|Win32
		{DA6F56B4-06A4-441D-AD70-AC5A7D51FADB}.LIB Release - LIB OpenSSL.Build.0 = LIB Release - LIB OpenSSL|Win32
		{DA6F56B4-06A4-441D-AD70-AC5A7D51FADB}.LIB Release - LIB OpenSSL - LIB LibSSH2.ActiveCfg = LIB Release - LIB OpenSSL - LIB LibSSH2|Win32
		{DA6F56B4-06A4-441D-AD70-AC5A7D51FADB}.LIB Release - LIB OpenSSL - LIB LibSSH2.Build.0 = LIB Release - LIB OpenSSL - LIB LibSSH2|Win32
	EndGlobalSection
	GlobalSection(ExtensibilityGlobals) = postSolution
	EndGlobalSection
	GlobalSection(ExtensibilityAddIns) = postSolution
	EndGlobalSection
EndGlobal
